
Microsoft Visual Studio Solution File, Format Version 12.00
# Visual Studio Version 17
VisualStudioVersion = 17.13.35913.81 d17.13
MinimumVisualStudioVersion = 10.0.40219.1
Project("{FAE04EC0-301F-11D3-BF4B-00C04F79EFBC}") = "AgenciadeViajes", "AgenciadeViajes\AgenciadeViajes.csproj", "{CBED6A6F-6CD5-4F12-85BB-653DAFE6ECBA}"
EndProject
Global
	GlobalSection(SolutionConfigurationPlatforms) = preSolution
		Debug|Any CPU = Debug|Any CPU
		Release|Any CPU = Release|Any CPU
	EndGlobalSection
	GlobalSection(ProjectConfigurationPlatforms) = postSolution
		{CBED6A6F-6CD5-4F12-85BB-653DAFE6ECBA}.Debug|Any CPU.ActiveCfg = Debug|Any CPU
		{CBED6A6F-6CD5-4F12-85BB-653DAFE6ECBA}.Debug|Any CPU.Build.0 = Debug|Any CPU
		{CBED6A6F-6CD5-4F12-85BB-653DAFE6ECBA}.Release|Any CPU.ActiveCfg = Release|Any CPU
		{CBED6A6F-6CD5-4F12-85BB-653DAFE6ECBA}.Release|Any CPU.Build.0 = Release|Any CPU
	EndGlobalSection
	GlobalSection(SolutionProperties) = preSolution
		HideSolutionNode = FALSE
	EndGlobalSection
	GlobalSection(ExtensibilityGlobals) = postSolution
		SolutionGuid = {1437C677-3D0D-4561-BFFE-E8D139396421}
	EndGlobalSection
EndGlobal
